
Microsoft Visual Studio Solution File, Format Version 12.00
# Visual Studio 2013
VisualStudioVersion = 12.0.30723.0
MinimumVisualStudioVersion = 10.0.40219.1
Project("{FAE04EC0-301F-11D3-BF4B-00C04F79EFBC}") = "ScaleDemo", "ScaleDemo\ScaleDemo.csproj", "{D84D88AF-3539-4A54-83EB-1ED5AFD94411}"
EndProject
Project("{FAE04EC0-301F-11D3-BF4B-00C04F79EFBC}") = "GalleryHelpers", "GalleryHelpers\GalleryHelpers.csproj", "{E6E19B19-1D44-4DFD-B9AB-BE95889F7CEF}"
EndProject
Project("{FAE04EC0-301F-11D3-BF4B-00C04F79EFBC}") = "CQRS", "CQRS\CQRS.csproj", "{72E43B9E-00F8-44D1-9CFB-811DE5B15EBE}"
EndProject
Project("{2150E333-8FDC-42A3-9474-1A3956D46DE8}") = ".nuget", ".nuget", "{4DFC1950-F175-4321-A80B-EB34E7FFE7E1}"
	ProjectSection(SolutionItems) = preProject
		.nuget\NuGet.Config = .nuget\NuGet.Config
		.nuget\NuGet.exe = .nuget\NuGet.exe
		.nuget\NuGet.targets = .nuget\NuGet.targets
	EndProjectSection
EndProject
Global
	GlobalSection(SolutionConfigurationPlatforms) = preSolution
		Debug|Any CPU = Debug|Any CPU
		Release|Any CPU = Release|Any CPU
	EndGlobalSection
	GlobalSection(ProjectConfigurationPlatforms) = postSolution
		{D84D88AF-3539-4A54-83EB-1ED5AFD94411}.Debug|Any CPU.ActiveCfg = Debug|Any CPU
		{D84D88AF-3539-4A54-83EB-1ED5AFD94411}.Debug|Any CPU.Build.0 = Debug|Any CPU
		{D84D88AF-3539-4A54-83EB-1ED5AFD94411}.Release|Any CPU.ActiveCfg = Release|Any CPU
		{D84D88AF-3539-4A54-83EB-1ED5AFD94411}.Release|Any CPU.Build.0 = Release|Any CPU
		{E6E19B19-1D44-4DFD-B9AB-BE95889F7CEF}.Debug|Any CPU.ActiveCfg = Debug|Any CPU
		{E6E19B19-1D44-4DFD-B9AB-BE95889F7CEF}.Debug|Any CPU.Build.0 = Debug|Any CPU
		{E6E19B19-1D44-4DFD-B9AB-BE95889F7CEF}.Release|Any CPU.ActiveCfg = Release|Any CPU
		{E6E19B19-1D44-4DFD-B9AB-BE95889F7CEF}.Release|Any CPU.Build.0 = Release|Any CPU
		{72E43B9E-00F8-44D1-9CFB-811DE5B15EBE}.Debug|Any CPU.ActiveCfg = Debug|Any CPU
		{72E43B9E-00F8-44D1-9CFB-811DE5B15EBE}.Debug|Any CPU.Build.0 = Debug|Any CPU
		{72E43B9E-00F8-44D1-9CFB-811DE5B15EBE}.Release|Any CPU.ActiveCfg = Release|Any CPU
		{72E43B9E-00F8-44D1-9CFB-811DE5B15EBE}.Release|Any CPU.Build.0 = Release|Any CPU
	EndGlobalSection
	GlobalSection(SolutionProperties) = preSolution
		HideSolutionNode = FALSE
	EndGlobalSection
EndGlobal
